// !$*UTF8*$!
{
	archiveVersion = 1;
	classes = {
	};
	objectVersion = 48;
	objects = {

/* Begin PBXBuildFile section */
		C9755D4C204656BD00A910F6 /* AppDelegate.swift in Sources */ = {isa = PBXBuildFile; fileRef = C9755D4B204656BD00A910F6 /* AppDelegate.swift */; };
		C9755D4E204656BD00A910F6 /* ViewController.swift in Sources */ = {isa = PBXBuildFile; fileRef = C9755D4D204656BD00A910F6 /* ViewController.swift */; };
		C9755D51204656BD00A910F6 /* Main.storyboard in Resources */ = {isa = PBXBuildFile; fileRef = C9755D4F204656BD00A910F6 /* Main.storyboard */; };
		C9755D53204656BD00A910F6 /* Assets.xcassets in Resources */ = {isa = PBXBuildFile; fileRef = C9755D52204656BD00A910F6 /* Assets.xcassets */; };
		C9755D56204656BD00A910F6 /* LaunchScreen.storyboard in Resources */ = {isa = PBXBuildFile; fileRef = C9755D54204656BD00A910F6 /* LaunchScreen.storyboard */; };
		C9755D61204656BE00A910F6 /* TestTests.swift in Sources */ = {isa = PBXBuildFile; fileRef = C9755D60204656BE00A910F6 /* TestTests.swift */; };
		C9755D6C204656BE00A910F6 /* TestUITests.swift in Sources */ = {isa = PBXBuildFile; fileRef = C9755D6B204656BE00A910F6 /* TestUITests.swift */; };
		C9755D7B20465EFA00A910F6 /* CoreLocation.framework in Frameworks */ = {isa = PBXBuildFile; fileRef = C9755D7A20465EFA00A910F6 /* CoreLocation.framework */; };
		C9755D7D20465F0100A910F6 /* MapKit.framework in Frameworks */ = {isa = PBXBuildFile; fileRef = C9755D7C20465F0100A910F6 /* MapKit.framework */; };
/* End PBXBuildFile section */

/* Begin PBXContainerItemProxy section */
		C9755D5D204656BE00A910F6 /* PBXContainerItemProxy */ = {
			isa = PBXContainerItemProxy;
			containerPortal = C9755D40204656BD00A910F6 /* Project object */;
			proxyType = 1;
			remoteGlobalIDString = C9755D47204656BD00A910F6;
			remoteInfo = Test;
		};
		C9755D68204656BE00A910F6 /* PBXContainerItemProxy */ = {
			isa = PBXContainerItemProxy;
			containerPortal = C9755D40204656BD00A910F6 /* Project object */;
			proxyType = 1;
			remoteGlobalIDString = C9755D47204656BD00A910F6;
			remoteInfo = Test;
		};
/* End PBXContainerItemProxy section */

/* Begin PBXFileReference section */
		C9755D48204656BD00A910F6 /* Test.app */ = {isa = PBXFileReference; explicitFileType = wrapper.application; includeInIndex = 0; path = Test.app; sourceTree = BUILT_PRODUCTS_DIR; };
		C9755D4B204656BD00A910F6 /* AppDelegate.swift */ = {isa = PBXFileReference; lastKnownFileType = sourcecode.swift; path = AppDelegate.swift; sourceTree = "<group>"; };
		C9755D4D204656BD00A910F6 /* ViewController.swift */ = {isa = PBXFileReference; lastKnownFileType = sourcecode.swift; path = ViewController.swift; sourceTree = "<group>"; };
		C9755D50204656BD00A910F6 /* Base */ = {isa = PBXFileReference; lastKnownFileType = file.storyboard; name = Base; path = Base.lproj/Main.storyboard; sourceTree = "<group>"; };
		C9755D52204656BD00A910F6 /* Assets.xcassets */ = {isa = PBXFileReference; lastKnownFileType = folder.assetcatalog; path = Assets.xcassets; sourceTree = "<group>"; };
		C9755D55204656BD00A910F6 /* Base */ = {isa = PBXFileReference; lastKnownFileType = file.storyboard; name = Base; path = Base.lproj/LaunchScreen.storyboard; sourceTree = "<group>"; };
		C9755D57204656BD00A910F6 /* Info.plist */ = {isa = PBXFileReference; lastKnownFileType = text.plist.xml; path = Info.plist; sourceTree = "<group>"; };
		C9755D5C204656BE00A910F6 /* TestTests.xctest */ = {isa = PBXFileReference; explicitFileType = wrapper.cfbundle; includeInIndex = 0; path = TestTests.xctest; sourceTree = BUILT_PRODUCTS_DIR; };
		C9755D60204656BE00A910F6 /* TestTests.swift */ = {isa = PBXFileReference; lastKnownFileType = sourcecode.swift; path = TestTests.swift; sourceTree = "<group>"; };
		C9755D62204656BE00A910F6 /* Info.plist */ = {isa = PBXFileReference; lastKnownFileType = text.plist.xml; path = Info.plist; sourceTree = "<group>"; };
		C9755D67204656BE00A910F6 /* TestUITests.xctest */ = {isa = PBXFileReference; explicitFileType = wrapper.cfbundle; includeInIndex = 0; path = TestUITests.xctest; sourceTree = BUILT_PRODUCTS_DIR; };
		C9755D6B204656BE00A910F6 /* TestUITests.swift */ = {isa = PBXFileReference; lastKnownFileType = sourcecode.swift; path = TestUITests.swift; sourceTree = "<group>"; };
		C9755D6D204656BE00A910F6 /* Info.plist */ = {isa = PBXFileReference; lastKnownFileType = text.plist.xml; path = Info.plist; sourceTree = "<group>"; };
		C9755D7A20465EFA00A910F6 /* CoreLocation.framework */ = {isa = PBXFileReference; lastKnownFileType = wrapper.framework; name = CoreLocation.framework; path = System/Library/Frameworks/CoreLocation.framework; sourceTree = SDKROOT; };
		C9755D7C20465F0100A910F6 /* MapKit.framework */ = {isa = PBXFileReference; lastKnownFileType = wrapper.framework; name = MapKit.framework; path = System/Library/Frameworks/MapKit.framework; sourceTree = SDKROOT; };
/* End PBXFileReference section */

/* Begin PBXFrameworksBuildPhase section */
		C9755D45204656BD00A910F6 /* Frameworks */ = {
			isa = PBXFrameworksBuildPhase;
			buildActionMask = 2147483647;
			files = (
				C9755D7D20465F0100A910F6 /* MapKit.framework in Frameworks */,
				C9755D7B20465EFA00A910F6 /* CoreLocation.framework in Frameworks */,
			);
			runOnlyForDeploymentPostprocessing = 0;
		};
		C9755D59204656BE00A910F6 /* Frameworks */ = {
			isa = PBXFrameworksBuildPhase;
			buildActionMask = 2147483647;
			files = (
			);
			runOnlyForDeploymentPostprocessing = 0;
		};
		C9755D64204656BE00A910F6 /* Frameworks */ = {
			isa = PBXFrameworksBuildPhase;
			buildActionMask = 2147483647;
			files = (
			);
			runOnlyForDeploymentPostprocessing = 0;
		};
/* End PBXFrameworksBuildPhase section */

/* Begin PBXGroup section */
		C9755D3F204656BD00A910F6 = {
			isa = PBXGroup;
			children = (
				C9755D4A204656BD00A910F6 /* Test */,
				C9755D5F204656BE00A910F6 /* TestTests */,
				C9755D6A204656BE00A910F6 /* TestUITests */,
				C9755D49204656BD00A910F6 /* Products */,
				C9755D7920465EFA00A910F6 /* Frameworks */,
			);
			sourceTree = "<group>";
		};
		C9755D49204656BD00A910F6 /* Products */ = {
			isa = PBXGroup;
			children = (
				C9755D48204656BD00A910F6 /* Test.app */,
				C9755D5C204656BE00A910F6 /* TestTests.xctest */,
				C9755D67204656BE00A910F6 /* TestUITests.xctest */,
			);
			name = Products;
			sourceTree = "<group>";
		};
		C9755D4A204656BD00A910F6 /* Test */ = {
			isa = PBXGroup;
			children = (
				C9755D4B204656BD00A910F6 /* AppDelegate.swift */,
				C9755D4D204656BD00A910F6 /* ViewController.swift */,
				C9755D4F204656BD00A910F6 /* Main.storyboard */,
				C9755D52204656BD00A910F6 /* Assets.xcassets */,
				C9755D54204656BD00A910F6 /* LaunchScreen.storyboard */,
				C9755D57204656BD00A910F6 /* Info.plist */,
			);
			path = Test;
			sourceTree = "<group>";
		};
		C9755D5F204656BE00A910F6 /* TestTests */ = {
			isa = PBXGroup;
			children = (
				C9755D60204656BE00A910F6 /* TestTests.swift */,
				C9755D62204656BE00A910F6 /* Info.plist */,
			);
			path = TestTests;
			sourceTree = "<group>";
		};
		C9755D6A204656BE00A910F6 /* TestUITests */ = {
			isa = PBXGroup;
			children = (
				C9755D6B204656BE00A910F6 /* TestUITests.swift */,
				C9755D6D204656BE00A910F6 /* Info.plist */,
			);
			path = TestUITests;
			sourceTree = "<group>";
		};
		C9755D7920465EFA00A910F6 /* Frameworks */ = {
			isa = PBXGroup;
			children = (
				C9755D7C20465F0100A910F6 /* MapKit.framework */,
				C9755D7A20465EFA00A910F6 /* CoreLocation.framework */,
			);
			name = Frameworks;
			sourceTree = "<group>";
		};
/* End PBXGroup section */

/* Begin PBXNativeTarget section */
		C9755D47204656BD00A910F6 /* Test */ = {
			isa = PBXNativeTarget;
			buildConfigurationList = C9755D70204656BE00A910F6 /* Build configuration list for PBXNativeTarget "Test" */;
			buildPhases = (
				C9755D44204656BD00A910F6 /* Sources */,
				C9755D45204656BD00A910F6 /* Frameworks */,
				C9755D46204656BD00A910F6 /* Resources */,
			);
			buildRules = (
			);
			dependencies = (
			);
			name = Test;
			productName = Test;
			productReference = C9755D48204656BD00A910F6 /* Test.app */;
			productType = "com.apple.product-type.application";
		};
		C9755D5B204656BE00A910F6 /* TestTests */ = {
			isa = PBXNativeTarget;
			buildConfigurationList = C9755D73204656BE00A910F6 /* Build configuration list for PBXNativeTarget "TestTests" */;
			buildPhases = (
				C9755D58204656BE00A910F6 /* Sources */,
				C9755D59204656BE00A910F6 /* Frameworks */,
				C9755D5A204656BE00A910F6 /* Resources */,
			);
			buildRules = (
			);
			dependencies = (
				C9755D5E204656BE00A910F6 /* PBXTargetDependency */,
			);
			name = TestTests;
			productName = TestTests;
			productReference = C9755D5C204656BE00A910F6 /* TestTests.xctest */;
			productType = "com.apple.product-type.bundle.unit-test";
		};
		C9755D66204656BE00A910F6 /* TestUITests */ = {
			isa = PBXNativeTarget;
			buildConfigurationList = C9755D76204656BE00A910F6 /* Build configuration list for PBXNativeTarget "TestUITests" */;
			buildPhases = (
				C9755D63204656BE00A910F6 /* Sources */,
				C9755D64204656BE00A910F6 /* Frameworks */,
				C9755D65204656BE00A910F6 /* Resources */,
			);
			buildRules = (
			);
			dependencies = (
				C9755D69204656BE00A910F6 /* PBXTargetDependency */,
			);
			name = TestUITests;
			productName = TestUITests;
			productReference = C9755D67204656BE00A910F6 /* TestUITests.xctest */;
			productType = "com.apple.product-type.bundle.ui-testing";
		};
/* End PBXNativeTarget section */

/* Begin PBXProject section */
		C9755D40204656BD00A910F6 /* Project object */ = {
			isa = PBXProject;
			attributes = {
				LastSwiftUpdateCheck = 0920;
				LastUpgradeCheck = 0920;
				ORGANIZATIONNAME = Matt;
				TargetAttributes = {
					C9755D47204656BD00A910F6 = {
						CreatedOnToolsVersion = 9.2;
						ProvisioningStyle = Automatic;
					};
					C9755D5B204656BE00A910F6 = {
						CreatedOnToolsVersion = 9.2;
						ProvisioningStyle = Automatic;
						TestTargetID = C9755D47204656BD00A910F6;
					};
					C9755D66204656BE00A910F6 = {
						CreatedOnToolsVersion = 9.2;
						ProvisioningStyle = Automatic;
						TestTargetID = C9755D47204656BD00A910F6;
					};
				};
			};
			buildConfigurationList = C9755D43204656BD00A910F6 /* Build configuration list for PBXProject "Test" */;
			compatibilityVersion = "Xcode 8.0";
			developmentRegion = en;
			hasScannedForEncodings = 0;
			knownRegions = (
				en,
				Base,
			);
			mainGroup = C9755D3F204656BD00A910F6;
			productRefGroup = C9755D49204656BD00A910F6 /* Products */;
			projectDirPath = "";
			projectRoot = "";
			targets = (
				C9755D47204656BD00A910F6 /* Test */,
				C9755D5B204656BE00A910F6 /* TestTests */,
				C9755D66204656BE00A910F6 /* TestUITests */,
			);
		};
/* End PBXProject section */

/* Begin PBXResourcesBuildPhase section */
		C9755D46204656BD00A910F6 /* Resources */ = {
			isa = PBXResourcesBuildPhase;
			buildActionMask = 2147483647;
			files = (
				C9755D56204656BD00A910F6 /* LaunchScreen.storyboard in Resources */,
				C9755D53204656BD00A910F6 /* Assets.xcassets in Resources */,
				C9755D51204656BD00A910F6 /* Main.storyboard in Resources */,
			);
			runOnlyForDeploymentPostprocessing = 0;
		};
		C9755D5A204656BE00A910F6 /* Resources */ = {
			isa = PBXResourcesBuildPhase;
			buildActionMask = 2147483647;
			files = (
			);
			runOnlyForDeploymentPostprocessing = 0;
		};
		C9755D65204656BE00A910F6 /* Resources */ = {
			isa = PBXResourcesBuildPhase;
			buildActionMask = 2147483647;
			files = (
			);
			runOnlyForDeploymentPostprocessing = 0;
		};
/* End PBXResourcesBuildPhase section */

/* Begin PBXSourcesBuildPhase section */
		C9755D44204656BD00A910F6 /* Sources */ = {
			isa = PBXSourcesBuildPhase;
			buildActionMask = 2147483647;
			files = (
				C9755D4E204656BD00A910F6 /* ViewController.swift in Sources */,
				C9755D4C204656BD00A910F6 /* AppDelegate.swift in Sources */,
			);
			runOnlyForDeploymentPostprocessing = 0;
		};
		C9755D58204656BE00A910F6 /* Sources */ = {
			isa = PBXSourcesBuildPhase;
			buildActionMask = 2147483647;
			files = (
				C9755D61204656BE00A910F6 /* TestTests.swift in Sources */,
			);
			runOnlyForDeploymentPostprocessing = 0;
		};
		C9755D63204656BE00A910F6 /* Sources */ = {
			isa = PBXSourcesBuildPhase;
			buildActionMask = 2147483647;
			files = (
				C9755D6C204656BE00A910F6 /* TestUITests.swift in Sources */,
			);
			runOnlyForDeploymentPostprocessing = 0;
		};
/* End PBXSourcesBuildPhase section */

/* Begin PBXTargetDependency section */
		C9755D5E204656BE00A910F6 /* PBXTargetDependency */ = {
			isa = PBXTargetDependency;
			target = C9755D47204656BD00A910F6 /* Test */;
			targetProxy = C9755D5D204656BE00A910F6 /* PBXContainerItemProxy */;
		};
		C9755D69204656BE00A910F6 /* PBXTargetDependency */ = {
			isa = PBXTargetDependency;
			target = C9755D47204656BD00A910F6 /* Test */;
			targetProxy = C9755D68204656BE00A910F6 /* PBXContainerItemProxy */;
		};
/* End PBXTargetDependency section */

/* Begin PBXVariantGroup section */
		C9755D4F204656BD00A910F6 /* Main.storyboard */ = {
			isa = PBXVariantGroup;
			children = (
				C9755D50204656BD00A910F6 /* Base */,
			);
			name = Main.storyboard;
			sourceTree = "<group>";
		};
		C9755D54204656BD00A910F6 /* LaunchScreen.storyboard */ = {
			isa = PBXVariantGroup;
			children = (
				C9755D55204656BD00A910F6 /* Base */,
			);
			name = LaunchScreen.storyboard;
			sourceTree = "<group>";
		};
/* End PBXVariantGroup section */

/* Begin XCBuildConfiguration section */
		C9755D6E204656BE00A910F6 /* Debug */ = {
			isa = XCBuildConfiguration;
			buildSettings = {
				ALWAYS_SEARCH_USER_PATHS = NO;
				CLANG_ANALYZER_NONNULL = YES;
				CLANG_ANALYZER_NUMBER_OBJECT_CONVERSION = YES_AGGRESSIVE;
				CLANG_CXX_LANGUAGE_STANDARD = "gnu++14";
				CLANG_CXX_LIBRARY = "libc++";
				CLANG_ENABLE_MODULES = YES;
				CLANG_ENABLE_OBJC_ARC = YES;
				CLANG_WARN_BLOCK_CAPTURE_AUTORELEASING = YES;
				CLANG_WARN_BOOL_CONVERSION = YES;
				CLANG_WARN_COMMA = YES;
				CLANG_WARN_CONSTANT_CONVERSION = YES;
				CLANG_WARN_DIRECT_OBJC_ISA_USAGE = YES_ERROR;
				CLANG_WARN_DOCUMENTATION_COMMENTS = YES;
				CLANG_WARN_EMPTY_BODY = YES;
				CLANG_WARN_ENUM_CONVERSION = YES;
				CLANG_WARN_INFINITE_RECURSION = YES;
				CLANG_WARN_INT_CONVERSION = YES;
				CLANG_WARN_NON_LITERAL_NULL_CONVERSION = YES;
				CLANG_WARN_OBJC_LITERAL_CONVERSION = YES;
				CLANG_WARN_OBJC_ROOT_CLASS = YES_ERROR;
				CLANG_WARN_RANGE_LOOP_ANALYSIS = YES;
				CLANG_WARN_STRICT_PROTOTYPES = YES;
				CLANG_WARN_SUSPICIOUS_MOVE = YES;
				CLANG_WARN_UNGUARDED_AVAILABILITY = YES_AGGRESSIVE;
				CLANG_WARN_UNREACHABLE_CODE = YES;
				CLANG_WARN__DUPLICATE_METHOD_MATCH = YES;
				CODE_SIGN_IDENTITY = "iPhone Developer";
				COPY_PHASE_STRIP = NO;
				DEBUG_INFORMATION_FORMAT = dwarf;
				ENABLE_STRICT_OBJC_MSGSEND = YES;
				ENABLE_TESTABILITY = YES;
				GCC_C_LANGUAGE_STANDARD = gnu11;
				GCC_DYNAMIC_NO_PIC = NO;
				GCC_NO_COMMON_BLOCKS = YES;
				GCC_OPTIMIZATION_LEVEL = 0;
				GCC_PREPROCESSOR_DEFINITIONS = (
					"DEBUG=1",
					"$(inherited)",
				);
				GCC_WARN_64_TO_32_BIT_CONVERSION = YES;
				GCC_WARN_ABOUT_RETURN_TYPE = YES_ERROR;
				GCC_WARN_UNDECLARED_SELECTOR = YES;
				GCC_WARN_UNINITIALIZED_AUTOS = YES_AGGRESSIVE;
				GCC_WARN_UNUSED_FUNCTION = YES;
				GCC_WARN_UNUSED_VARIABLE = YES;
				IPHONEOS_DEPLOYMENT_TARGET = 11.2;
				MTL_ENABLE_DEBUG_INFO = YES;
				ONLY_ACTIVE_ARCH = YES;
				SDKROOT = iphoneos;
				SWIFT_ACTIVE_COMPILATION_CONDITIONS = DEBUG;
				SWIFT_OPTIMIZATION_LEVEL = "-Onone";
			};
			name = Debug;
		};
		C9755D6F204656BE00A910F6 /* Release */ = {
			isa = XCBuildConfiguration;
			buildSettings = {
				ALWAYS_SEARCH_USER_PATHS = NO;
				CLANG_ANALYZER_NONNULL = YES;
				CLANG_ANALYZER_NUMBER_OBJECT_CONVERSION = YES_AGGRESSIVE;
				CLANG_CXX_LANGUAGE_STANDARD = "gnu++14";
				CLANG_CXX_LIBRARY = "libc++";
				CLANG_ENABLE_MODULES = YES;
				CLANG_ENABLE_OBJC_ARC = YES;
				CLANG_WARN_BLOCK_CAPTURE_AUTORELEASING = YES;
				CLANG_WARN_BOOL_CONVERSION = YES;
				CLANG_WARN_COMMA = YES;
				CLANG_WARN_CONSTANT_CONVERSION = YES;
				CLANG_WARN_DIRECT_OBJC_ISA_USAGE = YES_ERROR;
				CLANG_WARN_DOCUMENTATION_COMMENTS = YES;
				CLANG_WARN_EMPTY_BODY = YES;
				CLANG_WARN_ENUM_CONVERSION = YES;
				CLANG_WARN_INFINITE_RECURSION = YES;
				CLANG_WARN_INT_CONVERSION = YES;
				CLANG_WARN_NON_LITERAL_NULL_CONVERSION = YES;
				CLANG_WARN_OBJC_LITERAL_CONVERSION = YES;
				CLANG_WARN_OBJC_ROOT_CLASS = YES_ERROR;
				CLANG_WARN_RANGE_LOOP_ANALYSIS = YES;
				CLANG_WARN_STRICT_PROTOTYPES = YES;
				CLANG_WARN_SUSPICIOUS_MOVE = YES;
				CLANG_WARN_UNGUARDED_AVAILABILITY = YES_AGGRESSIVE;
				CLANG_WARN_UNREACHABLE_CODE = YES;
				CLANG_WARN__DUPLICATE_METHOD_MATCH = YES;
				CODE_SIGN_IDENTITY = "iPhone Developer";
				COPY_PHASE_STRIP = NO;
				DEBUG_INFORMATION_FORMAT = "dwarf-with-dsym";
				ENABLE_NS_ASSERTIONS = NO;
				ENABLE_STRICT_OBJC_MSGSEND = YES;
				GCC_C_LANGUAGE_STANDARD = gnu11;
				GCC_NO_COMMON_BLOCKS = YES;
				GCC_WARN_64_TO_32_BIT_CONVERSION = YES;
				GCC_WARN_ABOUT_RETURN_TYPE = YES_ERROR;
				GCC_WARN_UNDECLARED_SELECTOR = YES;
				GCC_WARN_UNINITIALIZED_AUTOS = YES_AGGRESSIVE;
				GCC_WARN_UNUSED_FUNCTION = YES;
				GCC_WARN_UNUSED_VARIABLE = YES;
				IPHONEOS_DEPLOYMENT_TARGET = 11.2;
				MTL_ENABLE_DEBUG_INFO = NO;
				SDKROOT = iphoneos;
				SWIFT_OPTIMIZATION_LEVEL = "-Owholemodule";
				VALIDATE_PRODUCT = YES;
			};
			name = Release;
		};
		C9755D71204656BE00A910F6 /* Debug */ = {
			isa = XCBuildConfiguration;
			buildSettings = {
				ASSETCATALOG_COMPILER_APPICON_NAME = AppIcon;
				CODE_SIGN_STYLE = Automatic;
				DEVELOPMENT_TEAM = KKNB74KNED;
				INFOPLIST_FILE = Test/Info.plist;
				LD_RUNPATH_SEARCH_PATHS = "$(inherited) @executable_path/Frameworks";
				PRODUCT_BUNDLE_IDENTIFIER = testing.Test;
				PRODUCT_NAME = "$(TARGET_NAME)";
				SWIFT_VERSION = 4.0;
				TARGETED_DEVICE_FAMILY = "1,2";
			};
			name = Debug;
		};
		C9755D72204656BE00A910F6 /* Release */ = {
			isa = XCBuildConfiguration;
			buildSettings = {
				ASSETCATALOG_COMPILER_APPICON_NAME = AppIcon;
				CODE_SIGN_STYLE = Automatic;
				DEVELOPMENT_TEAM = KKNB74KNED;
				INFOPLIST_FILE = Test/Info.plist;
				LD_RUNPATH_SEARCH_PATHS = "$(inherited) @executable_path/Frameworks";
				PRODUCT_BUNDLE_IDENTIFIER = testing.Test;
				PRODUCT_NAME = "$(TARGET_NAME)";
				SWIFT_VERSION = 4.0;
				TARGETED_DEVICE_FAMILY = "1,2";
			};
			name = Release;
		};
		C9755D74204656BE00A910F6 /* Debug */ = {
			isa = XCBuildConfiguration;
			buildSettings = {
				ALWAYS_EMBED_SWIFT_STANDARD_LIBRARIES = YES;
				BUNDLE_LOADER = "$(TEST_HOST)";
				CODE_SIGN_STYLE = Automatic;
				DEVELOPMENT_TEAM = KKNB74KNED;
				INFOPLIST_FILE = TestTests/Info.plist;
				LD_RUNPATH_SEARCH_PATHS = "$(inherited) @executable_path/Frameworks @loader_path/Frameworks";
				PRODUCT_BUNDLE_IDENTIFIER = testing.TestTests;
				PRODUCT_NAME = "$(TARGET_NAME)";
				SWIFT_VERSION = 4.0;
				TARGETED_DEVICE_FAMILY = "1,2";
				TEST_HOST = "$(BUILT_PRODUCTS_DIR)/Test.app/Test";
			};
			name = Debug;
		};
		C9755D75204656BE00A910F6 /* Release */ = {
			isa = XCBuildConfiguration;
			buildSettings = {
				ALWAYS_EMBED_SWIFT_STANDARD_LIBRARIES = YES;
				BUNDLE_LOADER = "$(TEST_HOST)";
				CODE_SIGN_STYLE = Automatic;
				DEVELOPMENT_TEAM = KKNB74KNED;
				INFOPLIST_FILE = TestTests/Info.plist;
				LD_RUNPATH_SEARCH_PATHS = "$(inherited) @executable_path/Frameworks @loader_path/Frameworks";
				PRODUCT_BUNDLE_IDENTIFIER = testing.TestTests;
				PRODUCT_NAME = "$(TARGET_NAME)";
				SWIFT_VERSION = 4.0;
				TARGETED_DEVICE_FAMILY = "1,2";
				TEST_HOST = "$(BUILT_PRODUCTS_DIR)/Test.app/Test";
			};
			name = Release;
		};
		C9755D77204656BE00A910F6 /* Debug */ = {
			isa = XCBuildConfiguration;
			buildSettings = {
				ALWAYS_EMBED_SWIFT_STANDARD_LIBRARIES = YES;
				CODE_SIGN_STYLE = Automatic;
				DEVELOPMENT_TEAM = KKNB74KNED;
				INFOPLIST_FILE = TestUITests/Info.plist;
				LD_RUNPATH_SEARCH_PATHS = "$(inherited) @executable_path/Frameworks @loader_path/Frameworks";
				PRODUCT_BUNDLE_IDENTIFIER = testing.TestUITests;
				PRODUCT_NAME = "$(TARGET_NAME)";
				SWIFT_VERSION = 4.0;
				TARGETED_DEVICE_FAMILY = "1,2";
				TEST_TARGET_NAME = Test;
			};
			name = Debug;
		};
		C9755D78204656BE00A910F6 /* Release */ = {
			isa = XCBuildConfiguration;
			buildSettings = {
				ALWAYS_EMBED_SWIFT_STANDARD_LIBRARIES = YES;
				CODE_SIGN_STYLE = Automatic;
				DEVELOPMENT_TEAM = KKNB74KNED;
				INFOPLIST_FILE = TestUITests/Info.plist;
				LD_RUNPATH_SEARCH_PATHS = "$(inherited) @executable_path/Frameworks @loader_path/Frameworks";
				PRODUCT_BUNDLE_IDENTIFIER = testing.TestUITests;
				PRODUCT_NAME = "$(TARGET_NAME)";
				SWIFT_VERSION = 4.0;
				TARGETED_DEVICE_FAMILY = "1,2";
				TEST_TARGET_NAME = Test;
			};
			name = Release;
		};
/* End XCBuildConfiguration section */

/* Begin XCConfigurationList section */
		C9755D43204656BD00A910F6 /* Build configuration list for PBXProject "Test" */ = {
			isa = XCConfigurationList;
			buildConfigurations = (
				C9755D6E204656BE00A910F6 /* Debug */,
				C9755D6F204656BE00A910F6 /* Release */,
			);
			defaultConfigurationIsVisible = 0;
			defaultConfigurationName = Release;
		};
		C9755D70204656BE00A910F6 /* Build configuration list for PBXNativeTarget "Test" */ = {
			isa = XCConfigurationList;
			buildConfigurations = (
				C9755D71204656BE00A910F6 /* Debug */,
				C9755D72204656BE00A910F6 /* Release */,
			);
			defaultConfigurationIsVisible = 0;
			defaultConfigurationName = Release;
		};
		C9755D73204656BE00A910F6 /* Build configuration list for PBXNativeTarget "TestTests" */ = {
			isa = XCConfigurationList;
			buildConfigurations = (
				C9755D74204656BE00A910F6 /* Debug */,
				C9755D75204656BE00A910F6 /* Release */,
			);
			defaultConfigurationIsVisible = 0;
			defaultConfigurationName = Release;
		};
		C9755D76204656BE00A910F6 /* Build configuration list for PBXNativeTarget "TestUITests" */ = {
			isa = XCConfigurationList;
			buildConfigurations = (
				C9755D77204656BE00A910F6 /* Debug */,
				C9755D78204656BE00A910F6 /* Release */,
			);
			defaultConfigurationIsVisible = 0;
			defaultConfigurationName = Release;
		};
/* End XCConfigurationList section */
	};
	rootObject = C9755D40204656BD00A910F6 /* Project object */;
}
